
Microsoft Visual Studio Solution File, Format Version 12.00
# Visual Studio Version 17
VisualStudioVersion = 17.14.36202.13 d17.14
MinimumVisualStudioVersion = 10.0.40219.1
Project("{FAE04EC0-301F-11D3-BF4B-00C04F79EFBC}") = "ConsoleApp_Task2", "ConsoleApp_Task2\ConsoleApp_Task2.csproj", "{C6F5DCF1-863E-4AFC-A5E3-5E61CE272465}"
EndProject
Global
	GlobalSection(SolutionConfigurationPlatforms) = preSolution
		Debug|Any CPU = Debug|Any CPU
		Release|Any CPU = Release|Any CPU
	EndGlobalSection
	GlobalSection(ProjectConfigurationPlatforms) = postSolution
		{C6F5DCF1-863E-4AFC-A5E3-5E61CE272465}.Debug|Any CPU.ActiveCfg = Debug|Any CPU
		{C6F5DCF1-863E-4AFC-A5E3-5E61CE272465}.Debug|Any CPU.Build.0 = Debug|Any CPU
		{C6F5DCF1-863E-4AFC-A5E3-5E61CE272465}.Release|Any CPU.ActiveCfg = Release|Any CPU
		{C6F5DCF1-863E-4AFC-A5E3-5E61CE272465}.Release|Any CPU.Build.0 = Release|Any CPU
	EndGlobalSection
	GlobalSection(SolutionProperties) = preSolution
		HideSolutionNode = FALSE
	EndGlobalSection
	GlobalSection(ExtensibilityGlobals) = postSolution
		SolutionGuid = {A9F7D1F5-FD25-4FF6-BF06-77933B9ADB2C}
	EndGlobalSection
EndGlobal
